
Microsoft Visual Studio Solution File, Format Version 12.00
# Visual Studio Version 16
VisualStudioVersion = 16.0.31105.61
MinimumVisualStudioVersion = 10.0.40219.1
Project("{FAE04EC0-301F-11D3-BF4B-00C04F79EFBC}") = "WinFormUI", "Armario\WinFormUI.csproj", "{23DA7D22-877E-4799-8CCB-FA9943A149FE}"
EndProject
Project("{FAE04EC0-301F-11D3-BF4B-00C04F79EFBC}") = "WinFormDAL", "PatienceDAL\WinFormDAL.csproj", "{19917B08-A030-4AE3-8B0D-03F64CC1099D}"
EndProject
Project("{FAE04EC0-301F-11D3-BF4B-00C04F79EFBC}") = "WinFormEntity", "PatienceEntity\WinFormEntity.csproj", "{050D5C2D-8060-42AC-830F-6C9355C05D66}"
EndProject
Global
	GlobalSection(SolutionConfigurationPlatforms) = preSolution
		Debug|Any CPU = Debug|Any CPU
		Release|Any CPU = Release|Any CPU
	EndGlobalSection
	GlobalSection(ProjectConfigurationPlatforms) = postSolution
		{23DA7D22-877E-4799-8CCB-FA9943A149FE}.Debug|Any CPU.ActiveCfg = Debug|Any CPU
		{23DA7D22-877E-4799-8CCB-FA9943A149FE}.Debug|Any CPU.Build.0 = Debug|Any CPU
		{23DA7D22-877E-4799-8CCB-FA9943A149FE}.Release|Any CPU.ActiveCfg = Release|Any CPU
		{23DA7D22-877E-4799-8CCB-FA9943A149FE}.Release|Any CPU.Build.0 = Release|Any CPU
		{19917B08-A030-4AE3-8B0D-03F64CC1099D}.Debug|Any CPU.ActiveCfg = Debug|Any CPU
		{19917B08-A030-4AE3-8B0D-03F64CC1099D}.Debug|Any CPU.Build.0 = Debug|Any CPU
		{19917B08-A030-4AE3-8B0D-03F64CC1099D}.Release|Any CPU.ActiveCfg = Release|Any CPU
		{19917B08-A030-4AE3-8B0D-03F64CC1099D}.Release|Any CPU.Build.0 = Release|Any CPU
		{050D5C2D-8060-42AC-830F-6C9355C05D66}.Debug|Any CPU.ActiveCfg = Debug|Any CPU
		{050D5C2D-8060-42AC-830F-6C9355C05D66}.Debug|Any CPU.Build.0 = Debug|Any CPU
		{050D5C2D-8060-42AC-830F-6C9355C05D66}.Release|Any CPU.ActiveCfg = Release|Any CPU
		{050D5C2D-8060-42AC-830F-6C9355C05D66}.Release|Any CPU.Build.0 = Release|Any CPU
	EndGlobalSection
	GlobalSection(SolutionProperties) = preSolution
		HideSolutionNode = FALSE
	EndGlobalSection
	GlobalSection(ExtensibilityGlobals) = postSolution
		SolutionGuid = {14CD6C28-7032-4EB5-BF8B-B33F349CA858}
	EndGlobalSection
EndGlobal
